version = 1
revision = 2
requires-python = ">=3.12"

[[package]]
name = "bottle"
version = "0.13.4"
source = { registry = "https://mirrors.aliyun.com/pypi/simple" }
sdist = { url = "https://mirrors.aliyun.com/pypi/packages/7a/71/cca6167c06d00c81375fd668719df245864076d284f7cb46a694cbeb5454/bottle-0.13.4.tar.gz", hash = "sha256:787e78327e12b227938de02248333d788cfe45987edca735f8f88e03472c3f47" }
wheels = [
    { url = "https://mirrors.aliyun.com/pypi/packages/83/f6/b55ec74cfe68c6584163faa311503c20b0da4c09883a41e8e00d6726c954/bottle-0.13.4-py2.py3-none-any.whl", hash = "sha256:045684fbd2764eac9cdeb824861d1551d113e8b683d8d26e296898d3dd99a12e" },
]

[[package]]
name = "cffi"
version = "1.17.1"
source = { registry = "https://mirrors.aliyun.com/pypi/simple" }
dependencies = [
    { name = "pycparser" },
]
sdist = { url = "https://mirrors.aliyun.com/pypi/packages/fc/97/c783634659c2920c3fc70419e3af40972dbaf758daa229a7d6ea6135c90d/cffi-1.17.1.tar.gz", hash = "sha256:1c39c6016c32bc48dd54561950ebd6836e1670f2ae46128f67cf49e789c52824" }
wheels = [
    { url = "https://mirrors.aliyun.com/pypi/packages/86/c5/28b2d6f799ec0bdecf44dced2ec5ed43e0eb63097b0f58c293583b406582/cffi-1.17.1-cp312-cp312-win32.whl", hash = "sha256:a08d7e755f8ed21095a310a693525137cfe756ce62d066e53f502a83dc550f65" },
    { url = "https://mirrors.aliyun.com/pypi/packages/50/b9/db34c4755a7bd1cb2d1603ac3863f22bcecbd1ba29e5ee841a4bc510b294/cffi-1.17.1-cp312-cp312-win_amd64.whl", hash = "sha256:51392eae71afec0d0c8fb1a53b204dbb3bcabcb3c9b807eedf3e1e6ccf2de903" },
    { url = "https://mirrors.aliyun.com/pypi/packages/bf/ee/f94057fa6426481d663b88637a9a10e859e492c73d0384514a17d78ee205/cffi-1.17.1-cp313-cp313-win32.whl", hash = "sha256:e03eab0a8677fa80d646b5ddece1cbeaf556c313dcfac435ba11f107ba117b5d" },
    { url = "https://mirrors.aliyun.com/pypi/packages/7c/fc/6a8cb64e5f0324877d503c854da15d76c1e50eb722e320b15345c4d0c6de/cffi-1.17.1-cp313-cp313-win_amd64.whl", hash = "sha256:f6a16c31041f09ead72d69f583767292f750d24913dadacf5756b966aacb3f1a" },
]

[[package]]
name = "clr-loader"
version = "0.2.7.post0"
source = { registry = "https://mirrors.aliyun.com/pypi/simple" }
dependencies = [
    { name = "cffi" },
]
sdist = { url = "https://mirrors.aliyun.com/pypi/packages/d5/b3/8ae917e458394e2cebdbf17bed0a8204f8d4ffc79a093a7b1141c7731d3c/clr_loader-0.2.7.post0.tar.gz", hash = "sha256:b7a8b3f8fbb1bcbbb6382d887e21d1742d4f10b5ea209e4ad95568fe97e1c7c6" }
wheels = [
    { url = "https://mirrors.aliyun.com/pypi/packages/9c/c0/06e64a54bced4e8b885c1e7ec03ee1869e52acf69e87da40f92391a214ad/clr_loader-0.2.7.post0-py3-none-any.whl", hash = "sha256:e0b9fcc107d48347a4311a28ffe3ae78c4968edb216ffb6564cb03f7ace0bb47" },
]

[[package]]
name = "geometry-calculator-backend"
version = "2.2.0"
source = { virtual = "." }
dependencies = [
    { name = "pywebview" },
    { name = "sympy" },
]

[package.metadata]
requires-dist = [
    { name = "pywebview", specifier = "==5.4" },
    { name = "sympy", specifier = ">=1.14.0" },
]

[[package]]
name = "mpmath"
version = "1.3.0"
source = { registry = "https://mirrors.aliyun.com/pypi/simple" }
sdist = { url = "https://mirrors.aliyun.com/pypi/packages/e0/47/dd32fa426cc72114383ac549964eecb20ecfd886d1e5ccf5340b55b02f57/mpmath-1.3.0.tar.gz", hash = "sha256:7a28eb2a9774d00c7bc92411c19a89209d5da7c4c9a9e227be8330a23a25b91f" }
wheels = [
    { url = "https://mirrors.aliyun.com/pypi/packages/43/e3/7d92a15f894aa0c9c4b49b8ee9ac9850d6e63b03c9c32c0367a13ae62209/mpmath-1.3.0-py3-none-any.whl", hash = "sha256:a0b2b9fe80bbcd81a6647ff13108738cfb482d481d826cc0e02f5b35e5c88d2c" },
]

[[package]]
name = "packaging"
version = "25.0"
source = { registry = "https://mirrors.aliyun.com/pypi/simple" }
sdist = { url = "https://mirrors.aliyun.com/pypi/packages/a1/d4/1fc4078c65507b51b96ca8f8c3ba19e6a61c8253c72794544580a7b6c24d/packaging-25.0.tar.gz", hash = "sha256:d443872c98d677bf60f6a1f2f8c1cb748e8fe762d2bf9d3148b5599295b0fc4f" }
wheels = [
    { url = "https://mirrors.aliyun.com/pypi/packages/20/12/38679034af332785aac8774540895e234f4d07f7545804097de4b666afd8/packaging-25.0-py3-none-any.whl", hash = "sha256:29572ef2b1f17581046b3a2227d5c611fb25ec70ca1ba8554b24b0e69331a484" },
]

[[package]]
name = "proxy-tools"
version = "0.1.0"
source = { registry = "https://mirrors.aliyun.com/pypi/simple" }
sdist = { url = "https://mirrors.aliyun.com/pypi/packages/f2/cf/77d3e19b7fabd03895caca7857ef51e4c409e0ca6b37ee6e9f7daa50b642/proxy_tools-0.1.0.tar.gz", hash = "sha256:ccb3751f529c047e2d8a58440d86b205303cf0fe8146f784d1cbcd94f0a28010" }

[[package]]
name = "pycparser"
version = "2.22"
source = { registry = "https://mirrors.aliyun.com/pypi/simple" }
sdist = { url = "https://mirrors.aliyun.com/pypi/packages/1d/b2/31537cf4b1ca988837256c910a668b553fceb8f069bedc4b1c826024b52c/pycparser-2.22.tar.gz", hash = "sha256:491c8be9c040f5390f5bf44a5b07752bd07f56edf992381b05c701439eec10f6" }
wheels = [
    { url = "https://mirrors.aliyun.com/pypi/packages/13/a3/a812df4e2dd5696d1f351d58b8fe16a405b234ad2886a0dab9183fb78109/pycparser-2.22-py3-none-any.whl", hash = "sha256:c3702b6d3dd8c7abc1afa565d7e63d53a1d0bd86cdc24edd75470f4de499cfcc" },
]

[[package]]
name = "pyobjc-core"
version = "11.1"
source = { registry = "https://mirrors.aliyun.com/pypi/simple" }
sdist = { url = "https://mirrors.aliyun.com/pypi/packages/e8/e9/0b85c81e2b441267bca707b5d89f56c2f02578ef8f3eafddf0e0c0b8848c/pyobjc_core-11.1.tar.gz", hash = "sha256:b63d4d90c5df7e762f34739b39cc55bc63dbcf9fb2fb3f2671e528488c7a87fe" }
wheels = [
    { url = "https://mirrors.aliyun.com/pypi/packages/c0/09/e83228e878e73bf756749939f906a872da54488f18d75658afa7f1abbab1/pyobjc_core-11.1-cp312-cp312-macosx_10_13_universal2.whl", hash = "sha256:765b97dea6b87ec4612b3212258024d8496ea23517c95a1c5f0735f96b7fd529" },
    { url = "https://mirrors.aliyun.com/pypi/packages/c5/24/12e4e2dae5f85fd0c0b696404ed3374ea6ca398e7db886d4f1322eb30799/pyobjc_core-11.1-cp313-cp313-macosx_10_13_universal2.whl", hash = "sha256:18986f83998fbd5d3f56d8a8428b2f3e0754fd15cef3ef786ca0d29619024f2c" },
    { url = "https://mirrors.aliyun.com/pypi/packages/f7/79/031492497624de4c728f1857181b06ce8c56444db4d49418fa459cba217c/pyobjc_core-11.1-cp313-cp313t-macosx_10_13_universal2.whl", hash = "sha256:8849e78cfe6595c4911fbba29683decfb0bf57a350aed8a43316976ba6f659d2" },
    { url = "https://mirrors.aliyun.com/pypi/packages/ed/7d/6169f16a0c7ec15b9381f8bf33872baf912de2ef68d96c798ca4c6ee641f/pyobjc_core-11.1-cp314-cp314-macosx_11_0_universal2.whl", hash = "sha256:8cb9ed17a8d84a312a6e8b665dd22393d48336ea1d8277e7ad20c19a38edf731" },
    { url = "https://mirrors.aliyun.com/pypi/packages/49/0f/f5ab2b0e57430a3bec9a62b6153c0e79c05a30d77b564efdb9f9446eeac5/pyobjc_core-11.1-cp314-cp314t-macosx_11_0_universal2.whl", hash = "sha256:f2455683e807f8541f0d83fbba0f5d9a46128ab0d5cc83ea208f0bec759b7f96" },
]

[[package]]
name = "pyobjc-framework-cocoa"
version = "11.1"
source = { registry = "https://mirrors.aliyun.com/pypi/simple" }
dependencies = [
    { name = "pyobjc-core" },
]
sdist = { url = "https://mirrors.aliyun.com/pypi/packages/4b/c5/7a866d24bc026f79239b74d05e2cf3088b03263da66d53d1b4cf5207f5ae/pyobjc_framework_cocoa-11.1.tar.gz", hash = "sha256:87df76b9b73e7ca699a828ff112564b59251bb9bbe72e610e670a4dc9940d038" }
wheels = [
    { url = "https://mirrors.aliyun.com/pypi/packages/68/da/41c0f7edc92ead461cced7e67813e27fa17da3c5da428afdb4086c69d7ba/pyobjc_framework_cocoa-11.1-cp312-cp312-macosx_10_13_universal2.whl", hash = "sha256:806de56f06dfba8f301a244cce289d54877c36b4b19818e3b53150eb7c2424d0" },
    { url = "https://mirrors.aliyun.com/pypi/packages/4e/0b/a01477cde2a040f97e226f3e15e5ffd1268fcb6d1d664885a95ba592eca9/pyobjc_framework_cocoa-11.1-cp313-cp313-macosx_10_13_universal2.whl", hash = "sha256:54e93e1d9b0fc41c032582a6f0834befe1d418d73893968f3f450281b11603da" },
    { url = "https://mirrors.aliyun.com/pypi/packages/bc/e6/64cf2661f6ab7c124d0486ec6d1d01a9bb2838a0d2a46006457d8c5e6845/pyobjc_framework_cocoa-11.1-cp313-cp313t-macosx_10_13_universal2.whl", hash = "sha256:fd5245ee1997d93e78b72703be1289d75d88ff6490af94462b564892e9266350" },
    { url = "https://mirrors.aliyun.com/pypi/packages/33/87/01e35c5a3c5bbdc93d5925366421e10835fcd7b23347b6c267df1b16d0b3/pyobjc_framework_cocoa-11.1-cp314-cp314-macosx_11_0_universal2.whl", hash = "sha256:aede53a1afc5433e1e7d66568cc52acceeb171b0a6005407a42e8e82580b4fc0" },
    { url = "https://mirrors.aliyun.com/pypi/packages/c1/7c/54afe9ffee547c41e1161691e72067a37ed27466ac71c089bfdcd07ca70d/pyobjc_framework_cocoa-11.1-cp314-cp314t-macosx_11_0_universal2.whl", hash = "sha256:1b5de4e1757bb65689d6dc1f8d8717de9ec8587eb0c4831c134f13aba29f9b71" },
]

[[package]]
name = "pyobjc-framework-quartz"
version = "11.1"
source = { registry = "https://mirrors.aliyun.com/pypi/simple" }
dependencies = [
    { name = "pyobjc-core" },
    { name = "pyobjc-framework-cocoa" },
]
sdist = { url = "https://mirrors.aliyun.com/pypi/packages/c7/ac/6308fec6c9ffeda9942fef72724f4094c6df4933560f512e63eac37ebd30/pyobjc_framework_quartz-11.1.tar.gz", hash = "sha256:a57f35ccfc22ad48c87c5932818e583777ff7276605fef6afad0ac0741169f75" }
wheels = [
    { url = "https://mirrors.aliyun.com/pypi/packages/9b/37/ee6e0bdd31b3b277fec00e5ee84d30eb1b5b8b0e025095e24ddc561697d0/pyobjc_framework_quartz-11.1-cp312-cp312-macosx_10_13_universal2.whl", hash = "sha256:9ac806067541917d6119b98d90390a6944e7d9bd737f5c0a79884202327c9204" },
    { url = "https://mirrors.aliyun.com/pypi/packages/bd/27/4f4fc0e6a0652318c2844608dd7c41e49ba6006ee5fb60c7ae417c338357/pyobjc_framework_quartz-11.1-cp313-cp313-macosx_10_13_universal2.whl", hash = "sha256:43a1138280571bbf44df27a7eef519184b5c4183a588598ebaaeb887b9e73e76" },
    { url = "https://mirrors.aliyun.com/pypi/packages/b8/8a/1d15e42496bef31246f7401aad1ebf0f9e11566ce0de41c18431715aafbc/pyobjc_framework_quartz-11.1-cp313-cp313t-macosx_10_13_universal2.whl", hash = "sha256:b23d81c30c564adf6336e00b357f355b35aad10075dd7e837cfd52a9912863e5" },
    { url = "https://mirrors.aliyun.com/pypi/packages/32/a8/a3f84d06e567efc12c104799c7fd015f9bea272a75f799eda8b79e8163c6/pyobjc_framework_quartz-11.1-cp314-cp314-macosx_11_0_universal2.whl", hash = "sha256:07cbda78b4a8fcf3a2d96e047a2ff01f44e3e1820f46f0f4b3b6d77ff6ece07c" },
    { url = "https://mirrors.aliyun.com/pypi/packages/76/ef/8c08d4f255bb3efe8806609d1f0b1ddd29684ab0f9ffb5e26d3ad7957b29/pyobjc_framework_quartz-11.1-cp314-cp314t-macosx_11_0_universal2.whl", hash = "sha256:39d02a3df4b5e3eee1e0da0fb150259476910d2a9aa638ab94153c24317a9561" },
]

[[package]]
name = "pyobjc-framework-security"
version = "11.1"
source = { registry = "https://mirrors.aliyun.com/pypi/simple" }
dependencies = [
    { name = "pyobjc-core" },
    { name = "pyobjc-framework-cocoa" },
]
sdist = { url = "https://mirrors.aliyun.com/pypi/packages/ee/6f/ba50ed2d9c1192c67590a7cfefa44fc5f85c776d1e25beb224dec32081f6/pyobjc_framework_security-11.1.tar.gz", hash = "sha256:dabcee6987c6bae575e2d1ef0fcbe437678c4f49f1c25a4b131a5e960f31a2da" }
wheels = [
    { url = "https://mirrors.aliyun.com/pypi/packages/35/16/7fc52ab1364ada5885bf9b4c9ea9da3ad892b847c9b86aa59e086b16fc11/pyobjc_framework_security-11.1-cp312-cp312-macosx_10_13_universal2.whl", hash = "sha256:2eb4ba6d8b221b9ad5d010e026247e8aa26ee43dcaf327e848340ed227d22d7e" },
    { url = "https://mirrors.aliyun.com/pypi/packages/3f/d8/cb20b4c4d15b2bdc7e39481159e50a933ddb87e4702d35060c254b316055/pyobjc_framework_security-11.1-cp313-cp313-macosx_10_13_universal2.whl", hash = "sha256:158da3b2474e2567fd269531c4ee9f35b8ba4f1eccbd1fb4a37c85a18bf1243c" },
    { url = "https://mirrors.aliyun.com/pypi/packages/cb/3c/d13d6870f5d66f5379565887b332f86f16d666dc50a1944d7e3a1462e76c/pyobjc_framework_security-11.1-cp313-cp313t-macosx_10_13_universal2.whl", hash = "sha256:141cc3ee08627ae0698264efc3dbbaf28d2255e0fe690e336eb8f0f387c4af01" },
    { url = "https://mirrors.aliyun.com/pypi/packages/f0/3d/2f61d4566e80f203d0e05ddd788037dc06a94d200edac25d2747fd79b5aa/pyobjc_framework_security-11.1-cp314-cp314-macosx_11_0_universal2.whl", hash = "sha256:858a18303711eb69d18d1a64cf8bb2202f64a3bd1c82203c511990dbd8326514" },
    { url = "https://mirrors.aliyun.com/pypi/packages/15/44/99ef33a5319ed2cb6c0a51ed36214adf21ccb37cce970b1acc8bfe57ce23/pyobjc_framework_security-11.1-cp314-cp314t-macosx_11_0_universal2.whl", hash = "sha256:4db1ebf6395cd370139cb35ff172505fc449c7fdf5d3a28f2ada8a30ef132cd0" },
]

[[package]]
name = "pyobjc-framework-webkit"
version = "11.1"
source = { registry = "https://mirrors.aliyun.com/pypi/simple" }
dependencies = [
    { name = "pyobjc-core" },
    { name = "pyobjc-framework-cocoa" },
]
sdist = { url = "https://mirrors.aliyun.com/pypi/packages/92/04/fb3d0b68994f7e657ef00c1ac5fc1c04ae2fc7ea581d647f5ae1f6739b14/pyobjc_framework_webkit-11.1.tar.gz", hash = "sha256:27e701c7aaf4f24fc7e601a128e2ef14f2773f4ab071b9db7438dc5afb5053ae" }
wheels = [
    { url = "https://mirrors.aliyun.com/pypi/packages/8a/7e/fa2c18c0c0f9321e5036e54b9da7a196956b531e50fe1a76e7dfdbe8fac2/pyobjc_framework_webkit-11.1-cp312-cp312-macosx_10_13_universal2.whl", hash = "sha256:1a6e6f64ca53c4953f17e808ecac11da288d9a6ade738156ba161732a5e0c96a" },
    { url = "https://mirrors.aliyun.com/pypi/packages/7a/8d/66561d95b00b8e57a9d5725ae34a8d9ca7ebeb776f13add989421ff90279/pyobjc_framework_webkit-11.1-cp313-cp313-macosx_10_13_universal2.whl", hash = "sha256:1d01008756c3912b02b7c02f62432467fbee90a93e3b8e31fa351b4ca97c9c98" },
    { url = "https://mirrors.aliyun.com/pypi/packages/db/c3/e790b518f84ea8dfbe32a9dcb4d8611b532de08057d19f853c1890110938/pyobjc_framework_webkit-11.1-cp313-cp313t-macosx_10_13_universal2.whl", hash = "sha256:864f9867a2caaeaeb83e5c0fa3dcf78169622233cf93a9a5eeb7012ced3b8076" },
    { url = "https://mirrors.aliyun.com/pypi/packages/d7/4f/194e3e7c01861a5e46dfe9e1fa28ad01fd07190cb514e41a7dcf1f0b7031/pyobjc_framework_webkit-11.1-cp314-cp314-macosx_11_0_universal2.whl", hash = "sha256:13b774d4244734cb77bf3c3648149c163f62acaa105243d7c48bb3fd856b5628" },
    { url = "https://mirrors.aliyun.com/pypi/packages/31/09/28884e7c10d3a76a76c2c8f55369dd96a90f0283800c68f5c764e1fb8e2e/pyobjc_framework_webkit-11.1-cp314-cp314t-macosx_11_0_universal2.whl", hash = "sha256:c1c00d549ab1d50e3d7e8f5f71352b999d2c32dc2365c299f317525eb9bff916" },
]

[[package]]
name = "pythonnet"
version = "3.0.5"
source = { registry = "https://mirrors.aliyun.com/pypi/simple" }
dependencies = [
    { name = "clr-loader" },
]
sdist = { url = "https://mirrors.aliyun.com/pypi/packages/9a/d6/1afd75edd932306ae9bd2c2d961d603dc2b52fcec51b04afea464f1f6646/pythonnet-3.0.5.tar.gz", hash = "sha256:48e43ca463941b3608b32b4e236db92d8d40db4c58a75ace902985f76dac21cf" }
wheels = [
    { url = "https://mirrors.aliyun.com/pypi/packages/cd/f1/bfb6811df4745f92f14c47a29e50e89a36b1533130fcc56452d4660bd2d6/pythonnet-3.0.5-py3-none-any.whl", hash = "sha256:f6702d694d5d5b163c9f3f5cc34e0bed8d6857150237fae411fefb883a656d20" },
]

[[package]]
name = "pywebview"
version = "5.4"
source = { registry = "https://mirrors.aliyun.com/pypi/simple" }
dependencies = [
    { name = "bottle" },
    { name = "proxy-tools" },
    { name = "pyobjc-core", marker = "sys_platform == 'darwin'" },
    { name = "pyobjc-framework-cocoa", marker = "sys_platform == 'darwin'" },
    { name = "pyobjc-framework-quartz", marker = "sys_platform == 'darwin'" },
    { name = "pyobjc-framework-security", marker = "sys_platform == 'darwin'" },
    { name = "pyobjc-framework-webkit", marker = "sys_platform == 'darwin'" },
    { name = "pythonnet", marker = "sys_platform == 'win32'" },
    { name = "qtpy", marker = "sys_platform == 'openbsd6'" },
    { name = "typing-extensions" },
]
sdist = { url = "https://mirrors.aliyun.com/pypi/packages/7a/c7/645f3b0bb190bf58c5cea9cfbcaa337ce3b54531ad207d3748676eb8cdc9/pywebview-5.4.tar.gz", hash = "sha256:b5e2c6c7502aaf72a9ae6034daf83785f5fad874fac7fa82bf4fcf854f1f083a" }
wheels = [
    { url = "https://mirrors.aliyun.com/pypi/packages/4c/5a/7af3b9f8fb51d544b31f2f6c12635eac77d1e9a99f72dd12c9364062d59d/pywebview-5.4-py3-none-any.whl", hash = "sha256:0559c47db543556498dd38604a2a0479896c320f86c9b23499b8e580b58b699d" },
]

[[package]]
name = "qtpy"
version = "2.4.3"
source = { registry = "https://mirrors.aliyun.com/pypi/simple" }
dependencies = [
    { name = "packaging" },
]
sdist = { url = "https://mirrors.aliyun.com/pypi/packages/70/01/392eba83c8e47b946b929d7c46e0f04b35e9671f8bb6fc36b6f7945b4de8/qtpy-2.4.3.tar.gz", hash = "sha256:db744f7832e6d3da90568ba6ccbca3ee2b3b4a890c3d6fbbc63142f6e4cdf5bb" }
wheels = [
    { url = "https://mirrors.aliyun.com/pypi/packages/69/76/37c0ccd5ab968a6a438f9c623aeecc84c202ab2fabc6a8fd927580c15b5a/QtPy-2.4.3-py3-none-any.whl", hash = "sha256:72095afe13673e017946cc258b8d5da43314197b741ed2890e563cf384b51aa1" },
]

[[package]]
name = "sympy"
version = "1.14.0"
source = { registry = "https://mirrors.aliyun.com/pypi/simple" }
dependencies = [
    { name = "mpmath" },
]
sdist = { url = "https://mirrors.aliyun.com/pypi/packages/83/d3/803453b36afefb7c2bb238361cd4ae6125a569b4db67cd9e79846ba2d68c/sympy-1.14.0.tar.gz", hash = "sha256:d3d3fe8df1e5a0b42f0e7bdf50541697dbe7d23746e894990c030e2b05e72517" }
wheels = [
    { url = "https://mirrors.aliyun.com/pypi/packages/a2/09/77d55d46fd61b4a135c444fc97158ef34a095e5681d0a6c10b75bf356191/sympy-1.14.0-py3-none-any.whl", hash = "sha256:e091cc3e99d2141a0ba2847328f5479b05d94a6635cb96148ccb3f34671bd8f5" },
]

[[package]]
name = "typing-extensions"
version = "4.14.1"
source = { registry = "https://mirrors.aliyun.com/pypi/simple" }
sdist = { url = "https://mirrors.aliyun.com/pypi/packages/98/5a/da40306b885cc8c09109dc2e1abd358d5684b1425678151cdaed4731c822/typing_extensions-4.14.1.tar.gz", hash = "sha256:38b39f4aeeab64884ce9f74c94263ef78f3c22467c8724005483154c26648d36" }
wheels = [
    { url = "https://mirrors.aliyun.com/pypi/packages/b5/00/d631e67a838026495268c2f6884f3711a15a9a2a96cd244fdaea53b823fb/typing_extensions-4.14.1-py3-none-any.whl", hash = "sha256:d1e1e3b58374dc93031d6eda2420a48ea44a36c2b4766a4fdeb3710755731d76" },
]
